
Microsoft Visual Studio Solution File, Format Version 12.00
# Visual Studio 14
VisualStudioVersion = 14.0.24720.0
MinimumVisualStudioVersion = 10.0.40219.1
Project("{2150E333-8FDC-42A3-9474-1A3956D46DE8}") = "Solution Items", "Solution Items", "{4F024CA1-B502-419A-A58C-6FB56E1AC0BF}"
	ProjectSection(SolutionItems) = preProject
		Exercise 1-1.fsx = Exercise 1-1.fsx
		Exercise 1-2.fsx = Exercise 1-2.fsx
		Exercise 1-3.fsx = Exercise 1-3.fsx
		Exercise 1-4.fsx = Exercise 1-4.fsx
		Exercise 1-5.fsx = Exercise 1-5.fsx
		Exercise 1-6.fsx = Exercise 1-6.fsx
		Exercise 1-7.fsx = Exercise 1-7.fsx
		Exercise 2-1.fsx = Exercise 2-1.fsx
		Exercise 2-11.fsx = Exercise 2-11.fsx
		Exercise 2-12.fsx = Exercise 2-12.fsx
		Exercise 2-13.fsx = Exercise 2-13.fsx
		Exercise 2-14.fsx = Exercise 2-14.fsx
		Exercise 2-2.fsx = Exercise 2-2.fsx
		Exercise 2-3.fsx = Exercise 2-3.fsx
		Exercise 2-4.fsx = Exercise 2-4.fsx
		Exercise 2-5.fsx = Exercise 2-5.fsx
		Exercise 2-6.fsx = Exercise 2-6.fsx
		Exercise 2-7.fsx = Exercise 2-7.fsx
		Exercise 2-8.fsx = Exercise 2-8.fsx
		Exercise 3-1.fsx = Exercise 3-1.fsx
		Exercise 3-2.fsx = Exercise 3-2.fsx
		Exercise 3-3.fsx = Exercise 3-3.fsx
		Exercise 3-4.fsx = Exercise 3-4.fsx
		Exercise 3-5.fsx = Exercise 3-5.fsx
		Exercise 3-7.fsx = Exercise 3-7.fsx
		LICENSE = LICENSE
		README.md = README.md
	EndProjectSection
EndProject
Global
	GlobalSection(SolutionProperties) = preSolution
		HideSolutionNode = FALSE
	EndGlobalSection
EndGlobal
